github.com/lucasb-eyer/go-colorful v1.2.0 h1:1nnpGOrhyZZuNyfu1QjKiUICQ74+3FNCN69Aj6K7nkY=
github.com/lucasb-eyer/go-colorful v1.2.0/go.mod h1:R4dSotOR9KMtayYi1e77YzuveK+i7ruzyGqttikkLy0=
github.com/tailscale/hujson v0.0.0-20260302212456-ecc657c15afd h1:Rf9uhF1+VJ7ZHqxrG8pJ6YacmHvVCmByDmGbAWCc/gA=
github.com/tailscale/hujson v0.0.0-20260302212456-ecc657c15afd/go.mod h1:EbW0wDK/qEUYI0A5bqq0C2kF8JTQwWONmGDBbzsxxHo=
